
Microsoft Visual Studio Solution File, Format Version 12.00
# Visual Studio Version 17
VisualStudioVersion = 17.12.35514.174
MinimumVisualStudioVersion = 10.0.40219.1
Project("{FAE04EC0-301F-11D3-BF4B-00C04F79EFBC}") = "FitneyApp.CMD", "FitneyApp.CMD\FitneyApp.CMD.csproj", "{739B9594-05B6-4F8E-80D2-EF47133F74B9}"
EndProject
Project("{FAE04EC0-301F-11D3-BF4B-00C04F79EFBC}") = "FitneyApp.BL", "FitneyApp.BL\FitneyApp.BL.csproj", "{51DDDACD-0B23-425A-B982-7E8B610296B5}"
EndProject
Project("{FAE04EC0-301F-11D3-BF4B-00C04F79EFBC}") = "FitneyApp.BLTests", "FitneyApp.BLTests\FitneyApp.BLTests.csproj", "{6D1F2BDF-3654-49DE-8385-0832DC1EB12B}"
EndProject
Project("{FAE04EC0-301F-11D3-BF4B-00C04F79EFBC}") = "FitneyApp.BLTests1", "FitneyApp.BLTests1\FitneyApp.BLTests1.csproj", "{F3B8EB09-7F11-4B0D-82E2-4659E3B8FB61}"
EndProject
Project("{FAE04EC0-301F-11D3-BF4B-00C04F79EFBC}") = "FitneyApp.BLTests2", "FitneyApp.BLTests2\FitneyApp.BLTests2.csproj", "{6D228339-EE92-43A1-B6E6-0DC2A2F049A1}"
EndProject
Global
	GlobalSection(SolutionConfigurationPlatforms) = preSolution
		Debug|Any CPU = Debug|Any CPU
		Release|Any CPU = Release|Any CPU
	EndGlobalSection
	GlobalSection(ProjectConfigurationPlatforms) = postSolution
		{739B9594-05B6-4F8E-80D2-EF47133F74B9}.Debug|Any CPU.ActiveCfg = Debug|Any CPU
		{739B9594-05B6-4F8E-80D2-EF47133F74B9}.Debug|Any CPU.Build.0 = Debug|Any CPU
		{739B9594-05B6-4F8E-80D2-EF47133F74B9}.Release|Any CPU.ActiveCfg = Release|Any CPU
		{739B9594-05B6-4F8E-80D2-EF47133F74B9}.Release|Any CPU.Build.0 = Release|Any CPU
		{51DDDACD-0B23-425A-B982-7E8B610296B5}.Debug|Any CPU.ActiveCfg = Debug|Any CPU
		{51DDDACD-0B23-425A-B982-7E8B610296B5}.Debug|Any CPU.Build.0 = Debug|Any CPU
		{51DDDACD-0B23-425A-B982-7E8B610296B5}.Release|Any CPU.ActiveCfg = Release|Any CPU
		{51DDDACD-0B23-425A-B982-7E8B610296B5}.Release|Any CPU.Build.0 = Release|Any CPU
		{6D1F2BDF-3654-49DE-8385-0832DC1EB12B}.Debug|Any CPU.ActiveCfg = Debug|Any CPU
		{6D1F2BDF-3654-49DE-8385-0832DC1EB12B}.Debug|Any CPU.Build.0 = Debug|Any CPU
		{6D1F2BDF-3654-49DE-8385-0832DC1EB12B}.Release|Any CPU.ActiveCfg = Release|Any CPU
		{6D1F2BDF-3654-49DE-8385-0832DC1EB12B}.Release|Any CPU.Build.0 = Release|Any CPU
		{F3B8EB09-7F11-4B0D-82E2-4659E3B8FB61}.Debug|Any CPU.ActiveCfg = Debug|Any CPU
		{F3B8EB09-7F11-4B0D-82E2-4659E3B8FB61}.Debug|Any CPU.Build.0 = Debug|Any CPU
		{F3B8EB09-7F11-4B0D-82E2-4659E3B8FB61}.Release|Any CPU.ActiveCfg = Release|Any CPU
		{F3B8EB09-7F11-4B0D-82E2-4659E3B8FB61}.Release|Any CPU.Build.0 = Release|Any CPU
		{6D228339-EE92-43A1-B6E6-0DC2A2F049A1}.Debug|Any CPU.ActiveCfg = Debug|Any CPU
		{6D228339-EE92-43A1-B6E6-0DC2A2F049A1}.Debug|Any CPU.Build.0 = Debug|Any CPU
		{6D228339-EE92-43A1-B6E6-0DC2A2F049A1}.Release|Any CPU.ActiveCfg = Release|Any CPU
		{6D228339-EE92-43A1-B6E6-0DC2A2F049A1}.Release|Any CPU.Build.0 = Release|Any CPU
	EndGlobalSection
	GlobalSection(SolutionProperties) = preSolution
		HideSolutionNode = FALSE
	EndGlobalSection
EndGlobal
